
Microsoft Visual Studio Solution File, Format Version 12.00
# Visual Studio 15
VisualStudioVersion = 15.0.27703.2026
MinimumVisualStudioVersion = 10.0.40219.1
Project("{9A19103F-16F7-4668-BE54-9A1E7A4F7556}") = "OpenImis.RestApi", "OpenImis.RestApi\OpenImis.RestApi.csproj", "{FD2D14EE-4549-4249-BBFF-3254BCEC4B5E}"
EndProject
Project("{FAE04EC0-301F-11D3-BF4B-00C04F79EFBC}") = "OpenImis.RestApi.IntegrationTests", "OpenImis.RestApi.IntegrationTests\OpenImis.RestApi.IntegrationTests.csproj", "{F5C3D0E3-9FE3-4C30-A8DF-E610FE205F3C}"
EndProject
Project("{9A19103F-16F7-4668-BE54-9A1E7A4F7556}") = "OpenImis.Extensions.Configuration", "OpenImis.Extensions.Configuration\OpenImis.Extensions.Configuration.csproj", "{7CAD2FE9-ED3C-45EF-AC53-024C5A7D626E}"
EndProject
Global
	GlobalSection(SolutionConfigurationPlatforms) = preSolution
		Debug|Any CPU = Debug|Any CPU
		Release|Any CPU = Release|Any CPU
	EndGlobalSection
	GlobalSection(ProjectConfigurationPlatforms) = postSolution
		{FD2D14EE-4549-4249-BBFF-3254BCEC4B5E}.Debug|Any CPU.ActiveCfg = Debug|Any CPU
		{FD2D14EE-4549-4249-BBFF-3254BCEC4B5E}.Debug|Any CPU.Build.0 = Debug|Any CPU
		{FD2D14EE-4549-4249-BBFF-3254BCEC4B5E}.Release|Any CPU.ActiveCfg = Release|Any CPU
		{FD2D14EE-4549-4249-BBFF-3254BCEC4B5E}.Release|Any CPU.Build.0 = Release|Any CPU
		{F5C3D0E3-9FE3-4C30-A8DF-E610FE205F3C}.Debug|Any CPU.ActiveCfg = Debug|Any CPU
		{F5C3D0E3-9FE3-4C30-A8DF-E610FE205F3C}.Debug|Any CPU.Build.0 = Debug|Any CPU
		{F5C3D0E3-9FE3-4C30-A8DF-E610FE205F3C}.Release|Any CPU.ActiveCfg = Release|Any CPU
		{F5C3D0E3-9FE3-4C30-A8DF-E610FE205F3C}.Release|Any CPU.Build.0 = Release|Any CPU
		{7CAD2FE9-ED3C-45EF-AC53-024C5A7D626E}.Debug|Any CPU.ActiveCfg = Debug|Any CPU
		{7CAD2FE9-ED3C-45EF-AC53-024C5A7D626E}.Debug|Any CPU.Build.0 = Debug|Any CPU
		{7CAD2FE9-ED3C-45EF-AC53-024C5A7D626E}.Release|Any CPU.ActiveCfg = Release|Any CPU
		{7CAD2FE9-ED3C-45EF-AC53-024C5A7D626E}.Release|Any CPU.Build.0 = Release|Any CPU
	EndGlobalSection
	GlobalSection(SolutionProperties) = preSolution
		HideSolutionNode = FALSE
	EndGlobalSection
	GlobalSection(ExtensibilityGlobals) = postSolution
		SolutionGuid = {1A73F202-D1DF-42A7-A1AD-83EDC1C110A9}
	EndGlobalSection
EndGlobal
