
Microsoft Visual Studio Solution File, Format Version 12.00
# Visual Studio Version 16
VisualStudioVersion = 16.0.29102.190
MinimumVisualStudioVersion = 10.0.40219.1
Project("{9A19103F-16F7-4668-BE54-9A1E7A4F7556}") = "OpenImis.RestApi", "OpenImis.RestApi\OpenImis.RestApi.csproj", "{0F650C61-A020-4549-AC0C-C49F0334E2D7}"
EndProject
Project("{9A19103F-16F7-4668-BE54-9A1E7A4F7556}") = "OpenImis.RestApi.IntegrationTests", "OpenImis.RestApi.IntegrationTests\OpenImis.RestApi.IntegrationTests.csproj", "{F5C3D0E3-9FE3-4C30-A8DF-E610FE205F3C}"
EndProject
Project("{9A19103F-16F7-4668-BE54-9A1E7A4F7556}") = "OpenImis.Extensions.Configuration", "OpenImis.Extensions.Configuration\OpenImis.Extensions.Configuration.csproj", "{E2CEBBAF-6DF7-41E9-815D-9AD4CF90C844}"
EndProject
Project("{9A19103F-16F7-4668-BE54-9A1E7A4F7556}") = "OpenImis.DB.SqlServer", "OpenImis.DB.SqlServer\OpenImis.DB.SqlServer.csproj", "{563662BC-9B77-46CA-AF68-4143A146601E}"
EndProject
Project("{9A19103F-16F7-4668-BE54-9A1E7A4F7556}") = "OpenImis.ModulesV1", "OpenImis.ModulesV1\OpenImis.ModulesV1.csproj", "{F323C452-F4D9-4825-8954-30BE26A81874}"
EndProject
Project("{9A19103F-16F7-4668-BE54-9A1E7A4F7556}") = "OpenImis.ModulesV2", "OpenImis.ModulesV2\OpenImis.ModulesV2.csproj", "{2AE88A62-30F2-4D13-8E71-6C1F8E6D5B61}"
EndProject
Project("{9A19103F-16F7-4668-BE54-9A1E7A4F7556}") = "OpenImis.ePayment", "OpenImis.ePayment\OpenImis.ePayment.csproj", "{38141940-FC05-4DC4-B247-80C5E29FBD05}"
EndProject
Project("{9A19103F-16F7-4668-BE54-9A1E7A4F7556}") = "OpenImis.ModulesV3", "OpenImis.ModulesV3\OpenImis.ModulesV3.csproj", "{45793BFB-04AB-4037-844E-C4CDCE43CAF5}"
EndProject
Project("{9A19103F-16F7-4668-BE54-9A1E7A4F7556}") = "OpenImis.Security", "OpenImis.Security\OpenImis.Security.csproj", "{A7011F41-79EC-464A-BC80-A28736ACCD2D}"
EndProject
Global
	GlobalSection(SolutionConfigurationPlatforms) = preSolution
		CHFDebug|Any CPU = CHFDebug|Any CPU
		CHFRelease|Any CPU = CHFRelease|Any CPU
		Debug|Any CPU = Debug|Any CPU
		Release|Any CPU = Release|Any CPU
	EndGlobalSection
	GlobalSection(ProjectConfigurationPlatforms) = postSolution
		{0F650C61-A020-4549-AC0C-C49F0334E2D7}.CHFDebug|Any CPU.ActiveCfg = CHFDebug|Any CPU
		{0F650C61-A020-4549-AC0C-C49F0334E2D7}.CHFDebug|Any CPU.Build.0 = CHFDebug|Any CPU
		{0F650C61-A020-4549-AC0C-C49F0334E2D7}.CHFRelease|Any CPU.ActiveCfg = CHFRelease|Any CPU
		{0F650C61-A020-4549-AC0C-C49F0334E2D7}.CHFRelease|Any CPU.Build.0 = CHFRelease|Any CPU
		{0F650C61-A020-4549-AC0C-C49F0334E2D7}.Debug|Any CPU.ActiveCfg = Debug|Any CPU
		{0F650C61-A020-4549-AC0C-C49F0334E2D7}.Debug|Any CPU.Build.0 = Debug|Any CPU
		{0F650C61-A020-4549-AC0C-C49F0334E2D7}.Release|Any CPU.ActiveCfg = Release|Any CPU
		{0F650C61-A020-4549-AC0C-C49F0334E2D7}.Release|Any CPU.Build.0 = Release|Any CPU
		{F5C3D0E3-9FE3-4C30-A8DF-E610FE205F3C}.CHFDebug|Any CPU.ActiveCfg = CHFDebug|Any CPU
		{F5C3D0E3-9FE3-4C30-A8DF-E610FE205F3C}.CHFDebug|Any CPU.Build.0 = CHFDebug|Any CPU
		{F5C3D0E3-9FE3-4C30-A8DF-E610FE205F3C}.CHFRelease|Any CPU.ActiveCfg = CHFRelease|Any CPU
		{F5C3D0E3-9FE3-4C30-A8DF-E610FE205F3C}.CHFRelease|Any CPU.Build.0 = CHFRelease|Any CPU
		{F5C3D0E3-9FE3-4C30-A8DF-E610FE205F3C}.Debug|Any CPU.ActiveCfg = Debug|Any CPU
		{F5C3D0E3-9FE3-4C30-A8DF-E610FE205F3C}.Debug|Any CPU.Build.0 = Debug|Any CPU
		{F5C3D0E3-9FE3-4C30-A8DF-E610FE205F3C}.Release|Any CPU.ActiveCfg = Release|Any CPU
		{F5C3D0E3-9FE3-4C30-A8DF-E610FE205F3C}.Release|Any CPU.Build.0 = Release|Any CPU
		{E2CEBBAF-6DF7-41E9-815D-9AD4CF90C844}.CHFDebug|Any CPU.ActiveCfg = CHFDebug|Any CPU
		{E2CEBBAF-6DF7-41E9-815D-9AD4CF90C844}.CHFDebug|Any CPU.Build.0 = CHFDebug|Any CPU
		{E2CEBBAF-6DF7-41E9-815D-9AD4CF90C844}.CHFRelease|Any CPU.ActiveCfg = CHFRelease|Any CPU
		{E2CEBBAF-6DF7-41E9-815D-9AD4CF90C844}.CHFRelease|Any CPU.Build.0 = CHFRelease|Any CPU
		{E2CEBBAF-6DF7-41E9-815D-9AD4CF90C844}.Debug|Any CPU.ActiveCfg = Debug|Any CPU
		{E2CEBBAF-6DF7-41E9-815D-9AD4CF90C844}.Debug|Any CPU.Build.0 = Debug|Any CPU
		{E2CEBBAF-6DF7-41E9-815D-9AD4CF90C844}.Release|Any CPU.ActiveCfg = Release|Any CPU
		{E2CEBBAF-6DF7-41E9-815D-9AD4CF90C844}.Release|Any CPU.Build.0 = Release|Any CPU
		{563662BC-9B77-46CA-AF68-4143A146601E}.CHFDebug|Any CPU.ActiveCfg = CHFDebug|Any CPU
		{563662BC-9B77-46CA-AF68-4143A146601E}.CHFDebug|Any CPU.Build.0 = CHFDebug|Any CPU
		{563662BC-9B77-46CA-AF68-4143A146601E}.CHFRelease|Any CPU.ActiveCfg = CHFRelease|Any CPU
		{563662BC-9B77-46CA-AF68-4143A146601E}.CHFRelease|Any CPU.Build.0 = CHFRelease|Any CPU
		{563662BC-9B77-46CA-AF68-4143A146601E}.Debug|Any CPU.ActiveCfg = Debug|Any CPU
		{563662BC-9B77-46CA-AF68-4143A146601E}.Debug|Any CPU.Build.0 = Debug|Any CPU
		{563662BC-9B77-46CA-AF68-4143A146601E}.Release|Any CPU.ActiveCfg = Release|Any CPU
		{563662BC-9B77-46CA-AF68-4143A146601E}.Release|Any CPU.Build.0 = Release|Any CPU
		{F323C452-F4D9-4825-8954-30BE26A81874}.CHFDebug|Any CPU.ActiveCfg = CHFDebug|Any CPU
		{F323C452-F4D9-4825-8954-30BE26A81874}.CHFDebug|Any CPU.Build.0 = CHFDebug|Any CPU
		{F323C452-F4D9-4825-8954-30BE26A81874}.CHFRelease|Any CPU.ActiveCfg = CHFRelease|Any CPU
		{F323C452-F4D9-4825-8954-30BE26A81874}.CHFRelease|Any CPU.Build.0 = CHFRelease|Any CPU
		{F323C452-F4D9-4825-8954-30BE26A81874}.Debug|Any CPU.ActiveCfg = Debug|Any CPU
		{F323C452-F4D9-4825-8954-30BE26A81874}.Debug|Any CPU.Build.0 = Debug|Any CPU
		{F323C452-F4D9-4825-8954-30BE26A81874}.Release|Any CPU.ActiveCfg = Release|Any CPU
		{F323C452-F4D9-4825-8954-30BE26A81874}.Release|Any CPU.Build.0 = Release|Any CPU
		{2AE88A62-30F2-4D13-8E71-6C1F8E6D5B61}.CHFDebug|Any CPU.ActiveCfg = CHFDebug|Any CPU
		{2AE88A62-30F2-4D13-8E71-6C1F8E6D5B61}.CHFDebug|Any CPU.Build.0 = CHFDebug|Any CPU
		{2AE88A62-30F2-4D13-8E71-6C1F8E6D5B61}.CHFRelease|Any CPU.ActiveCfg = CHFRelease|Any CPU
		{2AE88A62-30F2-4D13-8E71-6C1F8E6D5B61}.CHFRelease|Any CPU.Build.0 = CHFRelease|Any CPU
		{2AE88A62-30F2-4D13-8E71-6C1F8E6D5B61}.Debug|Any CPU.ActiveCfg = Debug|Any CPU
		{2AE88A62-30F2-4D13-8E71-6C1F8E6D5B61}.Debug|Any CPU.Build.0 = Debug|Any CPU
		{2AE88A62-30F2-4D13-8E71-6C1F8E6D5B61}.Release|Any CPU.ActiveCfg = Release|Any CPU
		{2AE88A62-30F2-4D13-8E71-6C1F8E6D5B61}.Release|Any CPU.Build.0 = Release|Any CPU
		{38141940-FC05-4DC4-B247-80C5E29FBD05}.CHFDebug|Any CPU.ActiveCfg = CHFDebug|Any CPU
		{38141940-FC05-4DC4-B247-80C5E29FBD05}.CHFDebug|Any CPU.Build.0 = CHFDebug|Any CPU
		{38141940-FC05-4DC4-B247-80C5E29FBD05}.CHFRelease|Any CPU.ActiveCfg = CHFRelease|Any CPU
		{38141940-FC05-4DC4-B247-80C5E29FBD05}.CHFRelease|Any CPU.Build.0 = CHFRelease|Any CPU
		{38141940-FC05-4DC4-B247-80C5E29FBD05}.Debug|Any CPU.ActiveCfg = Debug|Any CPU
		{38141940-FC05-4DC4-B247-80C5E29FBD05}.Debug|Any CPU.Build.0 = Debug|Any CPU
		{38141940-FC05-4DC4-B247-80C5E29FBD05}.Release|Any CPU.ActiveCfg = Release|Any CPU
		{38141940-FC05-4DC4-B247-80C5E29FBD05}.Release|Any CPU.Build.0 = Release|Any CPU
		{45793BFB-04AB-4037-844E-C4CDCE43CAF5}.CHFDebug|Any CPU.ActiveCfg = Debug|Any CPU
		{45793BFB-04AB-4037-844E-C4CDCE43CAF5}.CHFDebug|Any CPU.Build.0 = Debug|Any CPU
		{45793BFB-04AB-4037-844E-C4CDCE43CAF5}.CHFRelease|Any CPU.ActiveCfg = Release|Any CPU
		{45793BFB-04AB-4037-844E-C4CDCE43CAF5}.CHFRelease|Any CPU.Build.0 = Release|Any CPU
		{45793BFB-04AB-4037-844E-C4CDCE43CAF5}.Debug|Any CPU.ActiveCfg = Debug|Any CPU
		{45793BFB-04AB-4037-844E-C4CDCE43CAF5}.Debug|Any CPU.Build.0 = Debug|Any CPU
		{45793BFB-04AB-4037-844E-C4CDCE43CAF5}.Release|Any CPU.ActiveCfg = Release|Any CPU
		{45793BFB-04AB-4037-844E-C4CDCE43CAF5}.Release|Any CPU.Build.0 = Release|Any CPU
		{A7011F41-79EC-464A-BC80-A28736ACCD2D}.CHFDebug|Any CPU.ActiveCfg = Debug|Any CPU
		{A7011F41-79EC-464A-BC80-A28736ACCD2D}.CHFDebug|Any CPU.Build.0 = Debug|Any CPU
		{A7011F41-79EC-464A-BC80-A28736ACCD2D}.CHFRelease|Any CPU.ActiveCfg = Release|Any CPU
		{A7011F41-79EC-464A-BC80-A28736ACCD2D}.CHFRelease|Any CPU.Build.0 = Release|Any CPU
		{A7011F41-79EC-464A-BC80-A28736ACCD2D}.Debug|Any CPU.ActiveCfg = Debug|Any CPU
		{A7011F41-79EC-464A-BC80-A28736ACCD2D}.Debug|Any CPU.Build.0 = Debug|Any CPU
		{A7011F41-79EC-464A-BC80-A28736ACCD2D}.Release|Any CPU.ActiveCfg = Release|Any CPU
		{A7011F41-79EC-464A-BC80-A28736ACCD2D}.Release|Any CPU.Build.0 = Release|Any CPU
	EndGlobalSection
	GlobalSection(SolutionProperties) = preSolution
		HideSolutionNode = FALSE
	EndGlobalSection
	GlobalSection(ExtensibilityGlobals) = postSolution
		BuildVersion_StartDate = 2000/1/1
		SolutionGuid = {1A73F202-D1DF-42A7-A1AD-83EDC1C110A9}
	EndGlobalSection
EndGlobal
