
Microsoft Visual Studio Solution File, Format Version 12.00
# Visual Studio Version 16
VisualStudioVersion = 16.0.30503.244
MinimumVisualStudioVersion = 10.0.40219.1
Project("{9A19103F-16F7-4668-BE54-9A1E7A4F7556}") = "ImisRestApi", "ImisRestApi\ImisRestApi.csproj", "{4ECA9D05-7CB6-468A-AF5A-1AB6954594ED}"
EndProject
Global
	GlobalSection(SolutionConfigurationPlatforms) = preSolution
		CHFDebug|Any CPU = CHFDebug|Any CPU
		CHFRelease|Any CPU = CHFRelease|Any CPU
		Debug|Any CPU = Debug|Any CPU
		Release|Any CPU = Release|Any CPU
	EndGlobalSection
	GlobalSection(ProjectConfigurationPlatforms) = postSolution
		{4ECA9D05-7CB6-468A-AF5A-1AB6954594ED}.CHFDebug|Any CPU.ActiveCfg = CHFDebug|Any CPU
		{4ECA9D05-7CB6-468A-AF5A-1AB6954594ED}.CHFDebug|Any CPU.Build.0 = CHFDebug|Any CPU
		{4ECA9D05-7CB6-468A-AF5A-1AB6954594ED}.CHFRelease|Any CPU.ActiveCfg = CHFRelease|Any CPU
		{4ECA9D05-7CB6-468A-AF5A-1AB6954594ED}.CHFRelease|Any CPU.Build.0 = CHFRelease|Any CPU
		{4ECA9D05-7CB6-468A-AF5A-1AB6954594ED}.Debug|Any CPU.ActiveCfg = Debug|Any CPU
		{4ECA9D05-7CB6-468A-AF5A-1AB6954594ED}.Debug|Any CPU.Build.0 = Debug|Any CPU
		{4ECA9D05-7CB6-468A-AF5A-1AB6954594ED}.Release|Any CPU.ActiveCfg = Release|Any CPU
		{4ECA9D05-7CB6-468A-AF5A-1AB6954594ED}.Release|Any CPU.Build.0 = Release|Any CPU
	EndGlobalSection
	GlobalSection(SolutionProperties) = preSolution
		HideSolutionNode = FALSE
	EndGlobalSection
	GlobalSection(ExtensibilityGlobals) = postSolution
		SolutionGuid = {D77A0F1E-B2D7-4938-9BEE-C0AAFA52D112}
	EndGlobalSection
EndGlobal
